
Microsoft Visual Studio Solution File, Format Version 12.00
# Visual Studio Version 17
VisualStudioVersion = 17.5.002.0
MinimumVisualStudioVersion = 10.0.40219.1
Project("{2150E333-8FDC-42A3-9474-1A3956D46DE8}") = "exercise1", "exercise1", "{21EFF2E9-9374-46A2-8B9A-38B9B982C6E3}"
EndProject
Project("{9A19103F-16F7-4668-BE54-9A1E7A4F7556}") = "StargateAPI", "exercise1\api\StargateAPI.csproj", "{2C06EEC0-5A57-41E3-9CA4-D4F3B18E1AA0}"
EndProject
Project("{54A90642-561A-4BB1-A94E-469ADEE60C69}") = "ACTS", "exercise1\ACTS\ACTS.esproj", "{1A9372A9-BE6E-4C0A-8D1B-38DC7A5F7419}"
EndProject
Project("{FAE04EC0-301F-11D3-BF4B-00C04F79EFBC}") = "Stargate-test", "exercise1\Stargate-test\Stargate-test.csproj", "{FB484225-5DFF-4E50-A159-E2C43C3495CF}"
EndProject
Global
	GlobalSection(SolutionConfigurationPlatforms) = preSolution
		Debug|Any CPU = Debug|Any CPU
		Release|Any CPU = Release|Any CPU
	EndGlobalSection
	GlobalSection(ProjectConfigurationPlatforms) = postSolution
		{2C06EEC0-5A57-41E3-9CA4-D4F3B18E1AA0}.Debug|Any CPU.ActiveCfg = Debug|Any CPU
		{2C06EEC0-5A57-41E3-9CA4-D4F3B18E1AA0}.Debug|Any CPU.Build.0 = Debug|Any CPU
		{2C06EEC0-5A57-41E3-9CA4-D4F3B18E1AA0}.Release|Any CPU.ActiveCfg = Release|Any CPU
		{2C06EEC0-5A57-41E3-9CA4-D4F3B18E1AA0}.Release|Any CPU.Build.0 = Release|Any CPU
		{1A9372A9-BE6E-4C0A-8D1B-38DC7A5F7419}.Debug|Any CPU.ActiveCfg = Debug|Any CPU
		{1A9372A9-BE6E-4C0A-8D1B-38DC7A5F7419}.Debug|Any CPU.Build.0 = Debug|Any CPU
		{1A9372A9-BE6E-4C0A-8D1B-38DC7A5F7419}.Debug|Any CPU.Deploy.0 = Debug|Any CPU
		{1A9372A9-BE6E-4C0A-8D1B-38DC7A5F7419}.Release|Any CPU.ActiveCfg = Release|Any CPU
		{1A9372A9-BE6E-4C0A-8D1B-38DC7A5F7419}.Release|Any CPU.Build.0 = Release|Any CPU
		{1A9372A9-BE6E-4C0A-8D1B-38DC7A5F7419}.Release|Any CPU.Deploy.0 = Release|Any CPU
		{FB484225-5DFF-4E50-A159-E2C43C3495CF}.Debug|Any CPU.ActiveCfg = Debug|Any CPU
		{FB484225-5DFF-4E50-A159-E2C43C3495CF}.Debug|Any CPU.Build.0 = Debug|Any CPU
		{FB484225-5DFF-4E50-A159-E2C43C3495CF}.Release|Any CPU.ActiveCfg = Release|Any CPU
		{FB484225-5DFF-4E50-A159-E2C43C3495CF}.Release|Any CPU.Build.0 = Release|Any CPU
	EndGlobalSection
	GlobalSection(SolutionProperties) = preSolution
		HideSolutionNode = FALSE
	EndGlobalSection
	GlobalSection(NestedProjects) = preSolution
		{2C06EEC0-5A57-41E3-9CA4-D4F3B18E1AA0} = {21EFF2E9-9374-46A2-8B9A-38B9B982C6E3}
		{1A9372A9-BE6E-4C0A-8D1B-38DC7A5F7419} = {21EFF2E9-9374-46A2-8B9A-38B9B982C6E3}
	EndGlobalSection
	GlobalSection(ExtensibilityGlobals) = postSolution
		SolutionGuid = {15601DC7-5428-48B4-90AE-2E53E19C2951}
	EndGlobalSection
EndGlobal
