
Microsoft Visual Studio Solution File, Format Version 12.00
# Visual Studio Version 17
VisualStudioVersion = 17.5.002.0
MinimumVisualStudioVersion = 10.0.40219.1
Project("{9A19103F-16F7-4668-BE54-9A1E7A4F7556}") = "StargateAPI", "api\StargateAPI.csproj", "{5D258F54-F72C-4607-9BB9-2E24561B6BC2}"
EndProject
Global
	GlobalSection(SolutionConfigurationPlatforms) = preSolution
		Debug|Any CPU = Debug|Any CPU
		Release|Any CPU = Release|Any CPU
	EndGlobalSection
	GlobalSection(ProjectConfigurationPlatforms) = postSolution
		{5D258F54-F72C-4607-9BB9-2E24561B6BC2}.Debug|Any CPU.ActiveCfg = Debug|Any CPU
		{5D258F54-F72C-4607-9BB9-2E24561B6BC2}.Debug|Any CPU.Build.0 = Debug|Any CPU
		{5D258F54-F72C-4607-9BB9-2E24561B6BC2}.Release|Any CPU.ActiveCfg = Release|Any CPU
		{5D258F54-F72C-4607-9BB9-2E24561B6BC2}.Release|Any CPU.Build.0 = Release|Any CPU
	EndGlobalSection
	GlobalSection(SolutionProperties) = preSolution
		HideSolutionNode = FALSE
	EndGlobalSection
	GlobalSection(ExtensibilityGlobals) = postSolution
		SolutionGuid = {ADDF5404-477F-495A-92CD-222263C15FA6}
	EndGlobalSection
EndGlobal
